# THIS IS AN AUTOGENERATED FILE. DO NOT EDIT THIS FILE DIRECTLY.
# yarn lockfile v1


"@octokit/app@^16.0.1":
  version "16.0.1"
  resolved "https://registry.yarnpkg.com/@octokit/app/-/app-16.0.1.tgz#a2a2b7a830dd978c86e6cc4f19da77a1f7964a67"
  integrity sha512-kgTeTsWmpUX+s3Fs4EK4w1K+jWCDB6ClxLSWUWTyhlw7+L3jHtuXDR4QtABu2GsmCMdk67xRhruiXotS3ay3Yw==
  dependencies:
    "@octokit/auth-app" "^8.0.1"
    "@octokit/auth-unauthenticated" "^7.0.1"
    "@octokit/core" "^7.0.2"
    "@octokit/oauth-app" "^8.0.1"
    "@octokit/plugin-paginate-rest" "^13.0.0"
    "@octokit/types" "^14.0.0"
    "@octokit/webhooks" "^14.0.0"

"@octokit/auth-app@^8.0.1":
  version "8.0.1"
  resolved "https://registry.yarnpkg.com/@octokit/auth-app/-/auth-app-8.0.1.tgz#8d34ba9fe4c9d8ae492ade0d3f2c522fe068ccd6"
  integrity sha512-P2J5pB3pjiGwtJX4WqJVYCtNkcZ+j5T2Wm14aJAEIC3WJOrv12jvBley3G1U/XI8q9o1A7QMG54LiFED2BiFlg==
  dependencies:
    "@octokit/auth-oauth-app" "^9.0.1"
    "@octokit/auth-oauth-user" "^6.0.0"
    "@octokit/request" "^10.0.2"
    "@octokit/request-error" "^7.0.0"
    "@octokit/types" "^14.0.0"
    toad-cache "^3.7.0"
    universal-github-app-jwt "^2.2.0"
    universal-user-agent "^7.0.0"

"@octokit/auth-oauth-app@^9.0.1":
  version "9.0.1"
  resolved "https://registry.yarnpkg.com/@octokit/auth-oauth-app/-/auth-oauth-app-9.0.1.tgz#d8d2e950c95e9fcbe6f2fb98d4539ee8c9871766"
  integrity sha512-TthWzYxuHKLAbmxdFZwFlmwVyvynpyPmjwc+2/cI3cvbT7mHtsAW9b1LvQaNnAuWL+pFnqtxdmrU8QpF633i1g==
  dependencies:
    "@octokit/auth-oauth-device" "^8.0.1"
    "@octokit/auth-oauth-user" "^6.0.0"
    "@octokit/request" "^10.0.2"
    "@octokit/types" "^14.0.0"
    universal-user-agent "^7.0.0"

"@octokit/auth-oauth-device@^8.0.1":
  version "8.0.1"
  resolved "https://registry.yarnpkg.com/@octokit/auth-oauth-device/-/auth-oauth-device-8.0.1.tgz#232ec13e299dd6bf199fe237527d04ec12decffb"
  integrity sha512-TOqId/+am5yk9zor0RGibmlqn4V0h8vzjxlw/wYr3qzkQxl8aBPur384D1EyHtqvfz0syeXji4OUvKkHvxk/Gw==
  dependencies:
    "@octokit/oauth-methods" "^6.0.0"
    "@octokit/request" "^10.0.2"
    "@octokit/types" "^14.0.0"
    universal-user-agent "^7.0.0"

"@octokit/auth-oauth-user@^6.0.0":
  version "6.0.0"
  resolved "https://registry.yarnpkg.com/@octokit/auth-oauth-user/-/auth-oauth-user-6.0.0.tgz#ba643060824536cd848c72d835061b1c00007286"
  integrity sha512-GV9IW134PHsLhtUad21WIeP9mlJ+QNpFd6V9vuPWmaiN25HEJeEQUcS4y5oRuqCm9iWDLtfIs+9K8uczBXKr6A==
  dependencies:
    "@octokit/auth-oauth-device" "^8.0.1"
    "@octokit/oauth-methods" "^6.0.0"
    "@octokit/request" "^10.0.2"
    "@octokit/types" "^14.0.0"
    universal-user-agent "^7.0.0"

"@octokit/auth-token@^6.0.0":
  version "6.0.0"
  resolved "https://registry.yarnpkg.com/@octokit/auth-token/-/auth-token-6.0.0.tgz#b02e9c08a2d8937df09a2a981f226ad219174c53"
  integrity sha512-P4YJBPdPSpWTQ1NU4XYdvHvXJJDxM6YwpS0FZHRgP7YFkdVxsWcpWGy/NVqlAA7PcPCnMacXlRm1y2PFZRWL/w==

"@octokit/auth-unauthenticated@^7.0.1":
  version "7.0.1"
  resolved "https://registry.yarnpkg.com/@octokit/auth-unauthenticated/-/auth-unauthenticated-7.0.1.tgz#427b8a52e672318f84757307e766a448c741116b"
  integrity sha512-qVq1vdjLLZdE8kH2vDycNNjuJRCD1q2oet1nA/GXWaYlpDxlR7rdVhX/K/oszXslXiQIiqrQf+rdhDlA99JdTQ==
  dependencies:
    "@octokit/request-error" "^7.0.0"
    "@octokit/types" "^14.0.0"

"@octokit/core@^7.0.2":
  version "7.0.2"
  resolved "https://registry.yarnpkg.com/@octokit/core/-/core-7.0.2.tgz#d5e44841bcb323fa95f7bd1d73ff29046381f1f0"
  integrity sha512-ODsoD39Lq6vR6aBgvjTnA3nZGliknKboc9Gtxr7E4WDNqY24MxANKcuDQSF0jzapvGb3KWOEDrKfve4HoWGK+g==
  dependencies:
    "@octokit/auth-token" "^6.0.0"
    "@octokit/graphql" "^9.0.1"
    "@octokit/request" "^10.0.2"
    "@octokit/request-error" "^7.0.0"
    "@octokit/types" "^14.0.0"
    before-after-hook "^4.0.0"
    universal-user-agent "^7.0.0"

"@octokit/endpoint@^11.0.0":
  version "11.0.0"
  resolved "https://registry.yarnpkg.com/@octokit/endpoint/-/endpoint-11.0.0.tgz#189fcc022721b4c49d0307eea6be3de1cfb53026"
  integrity sha512-hoYicJZaqISMAI3JfaDr1qMNi48OctWuOih1m80bkYow/ayPw6Jj52tqWJ6GEoFTk1gBqfanSoI1iY99Z5+ekQ==
  dependencies:
    "@octokit/types" "^14.0.0"
    universal-user-agent "^7.0.2"

"@octokit/graphql@^9.0.1":
  version "9.0.1"
  resolved "https://registry.yarnpkg.com/@octokit/graphql/-/graphql-9.0.1.tgz#eb258fc9981403d2d751720832652c385b6c1613"
  integrity sha512-j1nQNU1ZxNFx2ZtKmL4sMrs4egy5h65OMDmSbVyuCzjOcwsHq6EaYjOTGXPQxgfiN8dJ4CriYHk6zF050WEULg==
  dependencies:
    "@octokit/request" "^10.0.2"
    "@octokit/types" "^14.0.0"
    universal-user-agent "^7.0.0"

"@octokit/oauth-app@^8.0.1":
  version "8.0.1"
  resolved "https://registry.yarnpkg.com/@octokit/oauth-app/-/oauth-app-8.0.1.tgz#7cb889945c3ccacfd0ff9aa9f05e9748b439f7f3"
  integrity sha512-QnhMYEQpnYbEPn9cae+wXL2LuPMFglmfeuDJXXsyxIXdoORwkLK8y0cHhd/5du9MbO/zdG/BXixzB7EEwU63eQ==
  dependencies:
    "@octokit/auth-oauth-app" "^9.0.1"
    "@octokit/auth-oauth-user" "^6.0.0"
    "@octokit/auth-unauthenticated" "^7.0.1"
    "@octokit/core" "^7.0.2"
    "@octokit/oauth-authorization-url" "^8.0.0"
    "@octokit/oauth-methods" "^6.0.0"
    "@types/aws-lambda" "^8.10.83"
    universal-user-agent "^7.0.0"

"@octokit/oauth-authorization-url@^8.0.0":
  version "8.0.0"
  resolved "https://registry.yarnpkg.com/@octokit/oauth-authorization-url/-/oauth-authorization-url-8.0.0.tgz#fdbab39a07d38faaad8621a5fdf04bc0c36d63e7"
  integrity sha512-7QoLPRh/ssEA/HuHBHdVdSgF8xNLz/Bc5m9fZkArJE5bb6NmVkDm3anKxXPmN1zh6b5WKZPRr3697xKT/yM3qQ==

"@octokit/oauth-methods@^6.0.0":
  version "6.0.0"
  resolved "https://registry.yarnpkg.com/@octokit/oauth-methods/-/oauth-methods-6.0.0.tgz#a138bbbec6762b52249f7c47d0c548fc1cf6ad7b"
  integrity sha512-Q8nFIagNLIZgM2odAraelMcDssapc+lF+y3OlcIPxyAU+knefO8KmozGqfnma1xegRDP4z5M73ABsamn72bOcA==
  dependencies:
    "@octokit/oauth-authorization-url" "^8.0.0"
    "@octokit/request" "^10.0.2"
    "@octokit/request-error" "^7.0.0"
    "@octokit/types" "^14.0.0"

"@octokit/openapi-types@^25.0.0":
  version "25.0.0"
  resolved "https://registry.yarnpkg.com/@octokit/openapi-types/-/openapi-types-25.0.0.tgz#adeead36992abf966e89dcd53518d8b0dc910e0d"
  integrity sha512-FZvktFu7HfOIJf2BScLKIEYjDsw6RKc7rBJCdvCTfKsVnx2GEB/Nbzjr29DUdb7vQhlzS/j8qDzdditP0OC6aw==

"@octokit/openapi-webhooks-types@11.0.0":
  version "11.0.0"
  resolved "https://registry.yarnpkg.com/@octokit/openapi-webhooks-types/-/openapi-webhooks-types-11.0.0.tgz#27b170627e48ff8a2f6fffb159263dc20804917c"
  integrity sha512-ZBzCFj98v3SuRM7oBas6BHZMJRadlnDoeFfvm1olVxZnYeU6Vh97FhPxyS5aLh5pN51GYv2I51l/hVUAVkGBlA==

"@octokit/plugin-paginate-graphql@^6.0.0":
  version "6.0.0"
  resolved "https://registry.yarnpkg.com/@octokit/plugin-paginate-graphql/-/plugin-paginate-graphql-6.0.0.tgz#acdefd7e85ce24716e7ad7352f2df4d29d0e273b"
  integrity sha512-crfpnIoFiBtRkvPqOyLOsw12XsveYuY2ieP6uYDosoUegBJpSVxGwut9sxUgFFcll3VTOTqpUf8yGd8x1OmAkQ==

"@octokit/plugin-paginate-rest@^13.0.0":
  version "13.0.0"
  resolved "https://registry.yarnpkg.com/@octokit/plugin-paginate-rest/-/plugin-paginate-rest-13.0.0.tgz#19be39a067086f1f6956c4721e6f1be0b9e06abd"
  integrity sha512-nPXM3wgil9ONnAINcm8cN+nwso4QhNB13PtnlRFkYFHCUIogcH9DHak/StQYcwkkjuc7pUluLG1AWZNscgvH7Q==
  dependencies:
    "@octokit/types" "^14.0.0"

"@octokit/plugin-rest-endpoint-methods@^15.0.0":
  version "15.0.0"
  resolved "https://registry.yarnpkg.com/@octokit/plugin-rest-endpoint-methods/-/plugin-rest-endpoint-methods-15.0.0.tgz#5ad2e63900eee357e632ed7674bba94b8ba573b5"
  integrity sha512-db6UdWvpX7O6tNsdkPk1BttVwTeVdA4n8RDFeXOyjBCPjE2YPufIAlzWh8CyeH8hl/3dSuQXDa+qLmsBlkTY+Q==
  dependencies:
    "@octokit/types" "^14.0.0"

"@octokit/plugin-retry@^8.0.1":
  version "8.0.1"
  resolved "https://registry.yarnpkg.com/@octokit/plugin-retry/-/plugin-retry-8.0.1.tgz#ee4a0487d31b97ad3deaf737faad68abeca3c227"
  integrity sha512-KUoYR77BjF5O3zcwDQHRRZsUvJwepobeqiSSdCJ8lWt27FZExzb0GgVxrhhfuyF6z2B2zpO0hN5pteni1sqWiw==
  dependencies:
    "@octokit/request-error" "^7.0.0"
    "@octokit/types" "^14.0.0"
    bottleneck "^2.15.3"

"@octokit/plugin-throttling@^11.0.1":
  version "11.0.1"
  resolved "https://registry.yarnpkg.com/@octokit/plugin-throttling/-/plugin-throttling-11.0.1.tgz#31a0b5e759f0313514d9522a4103360f17ffc2e4"
  integrity sha512-S+EVhy52D/272L7up58dr3FNSMXWuNZolkL4zMJBNIfIxyZuUcczsQAU4b5w6dewJXnKYVgSHSV5wxitMSW1kw==
  dependencies:
    "@octokit/types" "^14.0.0"
    bottleneck "^2.15.3"

"@octokit/request-error@^7.0.0":
  version "7.0.0"
  resolved "https://registry.yarnpkg.com/@octokit/request-error/-/request-error-7.0.0.tgz#48ae2cd79008315605d00e83664891a10a5ddb97"
  integrity sha512-KRA7VTGdVyJlh0cP5Tf94hTiYVVqmt2f3I6mnimmaVz4UG3gQV/k4mDJlJv3X67iX6rmN7gSHCF8ssqeMnmhZg==
  dependencies:
    "@octokit/types" "^14.0.0"

"@octokit/request@^10.0.2":
  version "10.0.2"
  resolved "https://registry.yarnpkg.com/@octokit/request/-/request-10.0.2.tgz#29187c12e7320aa56129c42e797d179035b573bb"
  integrity sha512-iYj4SJG/2bbhh+iIpFmG5u49DtJ4lipQ+aPakjL9OKpsGY93wM8w06gvFbEQxcMsZcCvk5th5KkIm2m8o14aWA==
  dependencies:
    "@octokit/endpoint" "^11.0.0"
    "@octokit/request-error" "^7.0.0"
    "@octokit/types" "^14.0.0"
    fast-content-type-parse "^3.0.0"
    universal-user-agent "^7.0.2"

"@octokit/types@^14.0.0":
  version "14.0.0"
  resolved "https://registry.yarnpkg.com/@octokit/types/-/types-14.0.0.tgz#bbd1d31e2269940789ef143b1c37918aae09adc4"
  integrity sha512-VVmZP0lEhbo2O1pdq63gZFiGCKkm8PPp8AUOijlwPO6hojEVjspA0MWKP7E4hbvGxzFKNqKr6p0IYtOH/Wf/zA==
  dependencies:
    "@octokit/openapi-types" "^25.0.0"

"@octokit/webhooks-methods@^6.0.0":
  version "6.0.0"
  resolved "https://registry.yarnpkg.com/@octokit/webhooks-methods/-/webhooks-methods-6.0.0.tgz#34abf78aec6f826fe561cfe79d2ebb1950d1d25f"
  integrity sha512-MFlzzoDJVw/GcbfzVC1RLR36QqkTLUf79vLVO3D+xn7r0QgxnFoLZgtrzxiQErAjFUOdH6fas2KeQJ1yr/qaXQ==

"@octokit/webhooks@^14.0.0":
  version "14.0.0"
  resolved "https://registry.yarnpkg.com/@octokit/webhooks/-/webhooks-14.0.0.tgz#6522f1f39770901456cfed8d29f26baf35f040b0"
  integrity sha512-IZV4vg/s1pqIpCs86a0tp5FQ/O94DUaqksMdNrXFSaE037TXsB+fIhr8OVig09oEx3WazVgE6B2U+u7/Fvdlsw==
  dependencies:
    "@octokit/openapi-webhooks-types" "11.0.0"
    "@octokit/request-error" "^7.0.0"
    "@octokit/webhooks-methods" "^6.0.0"

"@types/aws-lambda@^8.10.83":
  version "8.10.114"
  resolved "https://registry.yarnpkg.com/@types/aws-lambda/-/aws-lambda-8.10.114.tgz#4048273ebcd517dd118ecaa34b1368d275b6c7ad"
  integrity sha512-M8WpEGfC9iQ6V2Ccq6nGIXoQgeVc6z0Ngk8yCOL5V/TYIxshvb0MWQYLFFTZDesL0zmsoBc4OBjG9DB/4rei6w==

ansi-regex@^5.0.1:
  version "5.0.1"
  resolved "https://registry.yarnpkg.com/ansi-regex/-/ansi-regex-5.0.1.tgz#082cb2c89c9fe8659a311a53bd6a4dc5301db304"
  integrity sha512-quJQXlTSUGL2LH9SUXo8VwsY4soanhgo6LNSm84E1LBcE8s3O0wpdiRzyR9z/ZZJMlMWv37qOOb9pdJlMUEKFQ==

ansi-styles@^4.0.0:
  version "4.3.0"
  resolved "https://registry.yarnpkg.com/ansi-styles/-/ansi-styles-4.3.0.tgz#edd803628ae71c04c85ae7a0906edad34b648937"
  integrity sha512-zbB9rCJAT1rbjiVDb2hqKFHNYLxgtk8NURxZ3IZwD3F6NtxbXZQCnnSi1Lkx+IDohdPlFp222wVALIheZJQSEg==
  dependencies:
    color-convert "^2.0.1"

before-after-hook@^4.0.0:
  version "4.0.0"
  resolved "https://registry.yarnpkg.com/before-after-hook/-/before-after-hook-4.0.0.tgz#cf1447ab9160df6a40f3621da64d6ffc36050cb9"
  integrity sha512-q6tR3RPqIB1pMiTRMFcZwuG5T8vwp+vUvEG0vuI6B+Rikh5BfPp2fQ82c925FOs+b0lcFQ8CFrL+KbilfZFhOQ==

bottleneck@^2.15.3:
  version "2.19.5"
  resolved "https://registry.yarnpkg.com/bottleneck/-/bottleneck-2.19.5.tgz#5df0b90f59fd47656ebe63c78a98419205cadd91"
  integrity sha512-VHiNCbI1lKdl44tGrhNfU3lup0Tj/ZBMJB5/2ZbNXRCPuRCO7ed2mgcK4r17y+KB2EfuYuRaVlwNbAeaWGSpbw==

cliui@^8.0.1:
  version "8.0.1"
  resolved "https://registry.yarnpkg.com/cliui/-/cliui-8.0.1.tgz#0c04b075db02cbfe60dc8e6cf2f5486b1a3608aa"
  integrity sha512-BSeNnyus75C4//NQ9gQt1/csTXyo/8Sb+afLAkzAptFuMsod9HFokGNudZpi/oQV73hnVK+sR+5PVRMd+Dr7YQ==
  dependencies:
    string-width "^4.2.0"
    strip-ansi "^6.0.1"
    wrap-ansi "^7.0.0"

color-convert@^2.0.1:
  version "2.0.1"
  resolved "https://registry.yarnpkg.com/color-convert/-/color-convert-2.0.1.tgz#72d3a68d598c9bdb3af2ad1e84f21d896abd4de3"
  integrity sha512-RRECPsj7iu/xb5oKYcsFHSppFNnsj/52OVTRKb4zP5onXwVF3zVmmToNcOfGC+CRDpfK/U584fMg38ZHCaElKQ==
  dependencies:
    color-name "~1.1.4"

color-name@~1.1.4:
  version "1.1.4"
  resolved "https://registry.yarnpkg.com/color-name/-/color-name-1.1.4.tgz#c2a09a87acbde69543de6f63fa3995c826c536a2"
  integrity sha512-dOy+3AuW3a2wNbZHIuMZpTcgjGuLU/uBL/ubcZF9OXbDo8ff4O8yVp5Bf0efS8uEoYo5q4Fx7dY9OgQGXgAsQA==

emoji-regex@^8.0.0:
  version "8.0.0"
  resolved "https://registry.yarnpkg.com/emoji-regex/-/emoji-regex-8.0.0.tgz#e818fd69ce5ccfcb404594f842963bf53164cc37"
  integrity sha512-MSjYzcWNOA0ewAHpz0MxpYFvwg6yjy1NG3xteoqz644VCo/RPgnr1/GGt+ic3iJTzQ8Eu3TdM14SawnVUmGE6A==

escalade@^3.1.1:
  version "3.1.1"
  resolved "https://registry.yarnpkg.com/escalade/-/escalade-3.1.1.tgz#d8cfdc7000965c5a0174b4a82eaa5c0552742e40"
  integrity sha512-k0er2gUkLf8O0zKJiAhmkTnJlTvINGv7ygDNPbeIsX/TJjGJZHuh9B2UxbsaEkmlEo9MfhrSzmhIlhRlI2GXnw==

fast-content-type-parse@^3.0.0:
  version "3.0.0"
  resolved "https://registry.yarnpkg.com/fast-content-type-parse/-/fast-content-type-parse-3.0.0.tgz#5590b6c807cc598be125e6740a9fde589d2b7afb"
  integrity sha512-ZvLdcY8P+N8mGQJahJV5G4U88CSvT1rP8ApL6uETe88MBXrBHAkZlSEySdUlyztF7ccb+Znos3TFqaepHxdhBg==

get-caller-file@^2.0.5:
  version "2.0.5"
  resolved "https://registry.yarnpkg.com/get-caller-file/-/get-caller-file-2.0.5.tgz#4f94412a82db32f36e3b0b9741f8a97feb031f7e"
  integrity sha512-DyFP3BM/3YHTQOCUL/w0OZHR0lpKeGrxotcHWcqNEdnltqFwXVfhEBQ94eIo34AfQpo0rGki4cyIiftY06h2Fg==

is-fullwidth-code-point@^3.0.0:
  version "3.0.0"
  resolved "https://registry.yarnpkg.com/is-fullwidth-code-point/-/is-fullwidth-code-point-3.0.0.tgz#f116f8064fe90b3f7844a38997c0b75051269f1d"
  integrity sha512-zymm5+u+sCsSWyD9qNaejV3DFvhCKclKdizYaJUuHA83RLjb7nSuGnddCHGv0hk+KY7BMAlsWeK4Ueg6EV6XQg==

octokit@5.0.2:
  version "5.0.2"
  resolved "https://registry.yarnpkg.com/octokit/-/octokit-5.0.2.tgz#424dab2ba94b2ca71c26db39474b88f00527415e"
  integrity sha512-WCO9Oip2F+qsrIcNMfLwm1+dL2g70oO++pkmiluisJDMXXwdO4susVaVg1iQZgZNiDtA1qcLXs5662Mdj/vqdw==
  dependencies:
    "@octokit/app" "^16.0.1"
    "@octokit/core" "^7.0.2"
    "@octokit/oauth-app" "^8.0.1"
    "@octokit/plugin-paginate-graphql" "^6.0.0"
    "@octokit/plugin-paginate-rest" "^13.0.0"
    "@octokit/plugin-rest-endpoint-methods" "^15.0.0"
    "@octokit/plugin-retry" "^8.0.1"
    "@octokit/plugin-throttling" "^11.0.1"
    "@octokit/request-error" "^7.0.0"
    "@octokit/types" "^14.0.0"
    "@octokit/webhooks" "^14.0.0"

require-directory@^2.1.1:
  version "2.1.1"
  resolved "https://registry.yarnpkg.com/require-directory/-/require-directory-2.1.1.tgz#8c64ad5fd30dab1c976e2344ffe7f792a6a6df42"
  integrity sha512-fGxEI7+wsG9xrvdjsrlmL22OMTTiHRwAMroiEeMgq8gzoLC/PQr7RsRDSTLUg/bZAZtF+TVIkHc6/4RIKrui+Q==

string-width@^4.1.0, string-width@^4.2.0, string-width@^4.2.3:
  version "4.2.3"
  resolved "https://registry.yarnpkg.com/string-width/-/string-width-4.2.3.tgz#269c7117d27b05ad2e536830a8ec895ef9c6d010"
  integrity sha512-wKyQRQpjJ0sIp62ErSZdGsjMJWsap5oRNihHhu6G7JVO/9jIB6UyevL+tXuOqrng8j/cxKTWyWUwvSTriiZz/g==
  dependencies:
    emoji-regex "^8.0.0"
    is-fullwidth-code-point "^3.0.0"
    strip-ansi "^6.0.1"

strip-ansi@^6.0.0, strip-ansi@^6.0.1:
  version "6.0.1"
  resolved "https://registry.yarnpkg.com/strip-ansi/-/strip-ansi-6.0.1.tgz#9e26c63d30f53443e9489495b2105d37b67a85d9"
  integrity sha512-Y38VPSHcqkFrCpFnQ9vuSXmquuv5oXOKpGeT6aGrr3o3Gc9AlVa6JBfUSOCnbxGGZF+/0ooI7KrPuUSztUdU5A==
  dependencies:
    ansi-regex "^5.0.1"

toad-cache@^3.7.0:
  version "3.7.0"
  resolved "https://registry.yarnpkg.com/toad-cache/-/toad-cache-3.7.0.tgz#b9b63304ea7c45ec34d91f1d2fa513517025c441"
  integrity sha512-/m8M+2BJUpoJdgAHoG+baCwBT+tf2VraSfkBgl0Y00qIWt41DJ8R5B8nsEw0I58YwF5IZH6z24/2TobDKnqSWw==

universal-github-app-jwt@^2.2.0:
  version "2.2.0"
  resolved "https://registry.yarnpkg.com/universal-github-app-jwt/-/universal-github-app-jwt-2.2.0.tgz#dc6c8929e76f1996a766ba2a08fb420f73365d77"
  integrity sha512-G5o6f95b5BggDGuUfKDApKaCgNYy2x7OdHY0zSMF081O0EJobw+1130VONhrA7ezGSV2FNOGyM+KQpQZAr9bIQ==

universal-user-agent@^7.0.0, universal-user-agent@^7.0.2:
  version "7.0.2"
  resolved "https://registry.yarnpkg.com/universal-user-agent/-/universal-user-agent-7.0.2.tgz#52e7d0e9b3dc4df06cc33cb2b9fd79041a54827e"
  integrity sha512-0JCqzSKnStlRRQfCdowvqy3cy0Dvtlb8xecj/H8JFZuCze4rwjPZQOgvFvn0Ws/usCHQFGpyr+pB9adaGwXn4Q==

wrap-ansi@^7.0.0:
  version "7.0.0"
  resolved "https://registry.yarnpkg.com/wrap-ansi/-/wrap-ansi-7.0.0.tgz#67e145cff510a6a6984bdf1152911d69d2eb9e43"
  integrity sha512-YVGIj2kamLSTxw6NsZjoBxfSwsn0ycdesmc4p+Q21c5zPuZ1pl+NfxVdxPtdHvmNVOQ6XSYG4AUtyt/Fi7D16Q==
  dependencies:
    ansi-styles "^4.0.0"
    string-width "^4.1.0"
    strip-ansi "^6.0.0"

y18n@^5.0.5:
  version "5.0.8"
  resolved "https://registry.yarnpkg.com/y18n/-/y18n-5.0.8.tgz#7f4934d0f7ca8c56f95314939ddcd2dd91ce1d55"
  integrity sha512-0pfFzegeDWJHJIAmTLRP2DwHjdF5s7jo9tuztdQxAhINCdvS+3nGINqPd00AphqJR/0LhANUS6/+7SCb98YOfA==

yargs-parser@^21.1.1:
  version "21.1.1"
  resolved "https://registry.yarnpkg.com/yargs-parser/-/yargs-parser-21.1.1.tgz#9096bceebf990d21bb31fa9516e0ede294a77d35"
  integrity sha512-tVpsJW7DdjecAiFpbIB1e3qxIQsE6NoPc5/eTdrbbIC4h0LVsWhnoa3g+m2HclBIujHzsxZ4VJVA+GUuc2/LBw==

yargs@17.7.2:
  version "17.7.2"
  resolved "https://registry.yarnpkg.com/yargs/-/yargs-17.7.2.tgz#991df39aca675a192b816e1e0363f9d75d2aa269"
  integrity sha512-7dSzzRQ++CKnNI/krKnYRV7JKKPUXMEh61soaHKg9mrWEhzFWhFnxPxGl+69cD1Ou63C13NUPCnmIcrvqCuM6w==
  dependencies:
    cliui "^8.0.1"
    escalade "^3.1.1"
    get-caller-file "^2.0.5"
    require-directory "^2.1.1"
    string-width "^4.2.3"
    y18n "^5.0.5"
    yargs-parser "^21.1.1"
