# THIS IS AN AUTOGENERATED FILE. DO NOT EDIT THIS FILE DIRECTLY.
# yarn lockfile v1


"@octokit/app@^15.1.3":
  version "15.1.3"
  resolved "https://registry.yarnpkg.com/@octokit/app/-/app-15.1.3.tgz#fe90dad494b7a29abfa2efa7136a13dd5c95a443"
  integrity sha512-injaSv2CN8wZrhhnVky3HcQVEy4rRoIAm+OeCwNQzgQJn1OTglfT7RyMDaCbkiNWXDR0tkWLkWMv4duTTj765g==
  dependencies:
    "@octokit/auth-app" "^7.1.4"
    "@octokit/auth-unauthenticated" "^6.1.1"
    "@octokit/core" "^6.1.3"
    "@octokit/oauth-app" "^7.1.5"
    "@octokit/plugin-paginate-rest" "^11.3.6"
    "@octokit/types" "^13.6.2"
    "@octokit/webhooks" "^13.5.1"

"@octokit/auth-app@^7.1.4":
  version "7.1.4"
  resolved "https://registry.yarnpkg.com/@octokit/auth-app/-/auth-app-7.1.4.tgz#bd5a1fb813792ca6095de2a316580ca2f3826baa"
  integrity sha512-5F+3l/maq9JfWQ4bV28jT2G/K8eu9OJ317yzXPTGe4Kw+lKDhFaS4dQ3Ltmb6xImKxfCQdqDqMXODhc9YLipLw==
  dependencies:
    "@octokit/auth-oauth-app" "^8.1.2"
    "@octokit/auth-oauth-user" "^5.1.2"
    "@octokit/request" "^9.1.4"
    "@octokit/request-error" "^6.1.6"
    "@octokit/types" "^13.6.2"
    toad-cache "^3.7.0"
    universal-github-app-jwt "^2.2.0"
    universal-user-agent "^7.0.0"

"@octokit/auth-oauth-app@^8.1.2":
  version "8.1.2"
  resolved "https://registry.yarnpkg.com/@octokit/auth-oauth-app/-/auth-oauth-app-8.1.2.tgz#df91f059c79dc910e2c598eeee16279ee5eaf3f2"
  integrity sha512-3woNZgq5/S6RS+9ZTq+JdymxVr7E0s4EYxF20ugQvgX3pomdPUL5r/XdTY9wALoBM2eHVy4ettr5fKpatyTyHw==
  dependencies:
    "@octokit/auth-oauth-device" "^7.1.2"
    "@octokit/auth-oauth-user" "^5.1.2"
    "@octokit/request" "^9.1.4"
    "@octokit/types" "^13.6.2"
    universal-user-agent "^7.0.0"

"@octokit/auth-oauth-device@^7.1.2":
  version "7.1.2"
  resolved "https://registry.yarnpkg.com/@octokit/auth-oauth-device/-/auth-oauth-device-7.1.2.tgz#bd79003e780467f18b0ccf4ad488151769edf41b"
  integrity sha512-gTOIzDeV36OhVfxCl69FmvJix7tJIiU6dlxuzLVAzle7fYfO8UDyddr9B+o4CFQVaMBLMGZ9ak2CWMYcGeZnPw==
  dependencies:
    "@octokit/oauth-methods" "^5.1.3"
    "@octokit/request" "^9.1.4"
    "@octokit/types" "^13.6.2"
    universal-user-agent "^7.0.0"

"@octokit/auth-oauth-user@^5.1.2":
  version "5.1.2"
  resolved "https://registry.yarnpkg.com/@octokit/auth-oauth-user/-/auth-oauth-user-5.1.2.tgz#e0a74ed41c941ff0e916c20ffe224149209f9f15"
  integrity sha512-PgVDDPJgZYb3qSEXK4moksA23tfn68zwSAsQKZ1uH6IV9IaNEYx35OXXI80STQaLYnmEE86AgU0tC1YkM4WjsA==
  dependencies:
    "@octokit/auth-oauth-device" "^7.1.2"
    "@octokit/oauth-methods" "^5.1.2"
    "@octokit/request" "^9.1.4"
    "@octokit/types" "^13.6.2"
    universal-user-agent "^7.0.0"

"@octokit/auth-token@^5.0.0":
  version "5.1.1"
  resolved "https://registry.yarnpkg.com/@octokit/auth-token/-/auth-token-5.1.1.tgz#3bbfe905111332a17f72d80bd0b51a3e2fa2cf07"
  integrity sha512-rh3G3wDO8J9wSjfI436JUKzHIxq8NaiL0tVeB2aXmG6p/9859aUOAjA9pmSPNGGZxfwmaJ9ozOJImuNVJdpvbA==

"@octokit/auth-unauthenticated@^6.1.1":
  version "6.1.1"
  resolved "https://registry.yarnpkg.com/@octokit/auth-unauthenticated/-/auth-unauthenticated-6.1.1.tgz#42f289e0a708fb8b0a34e8f175e99675252fbd40"
  integrity sha512-bGXqdN6RhSFHvpPq46SL8sN+F3odQ6oMNLWc875IgoqcC3qus+fOL2th6Tkl94wvdSTy8/OeHzWy/lZebmnhog==
  dependencies:
    "@octokit/request-error" "^6.1.6"
    "@octokit/types" "^13.6.2"

"@octokit/core@^6.1.3":
  version "6.1.3"
  resolved "https://registry.yarnpkg.com/@octokit/core/-/core-6.1.3.tgz#280d3bb66c702297baac0a202219dd66611286e4"
  integrity sha512-z+j7DixNnfpdToYsOutStDgeRzJSMnbj8T1C/oQjB6Aa+kRfNjs/Fn7W6c8bmlt6mfy3FkgeKBRnDjxQow5dow==
  dependencies:
    "@octokit/auth-token" "^5.0.0"
    "@octokit/graphql" "^8.1.2"
    "@octokit/request" "^9.1.4"
    "@octokit/request-error" "^6.1.6"
    "@octokit/types" "^13.6.2"
    before-after-hook "^3.0.2"
    universal-user-agent "^7.0.0"

"@octokit/endpoint@^10.0.0":
  version "10.1.1"
  resolved "https://registry.yarnpkg.com/@octokit/endpoint/-/endpoint-10.1.1.tgz#1a9694e7aef6aa9d854dc78dd062945945869bcc"
  integrity sha512-JYjh5rMOwXMJyUpj028cu0Gbp7qe/ihxfJMLc8VZBMMqSwLgOxDI1911gV4Enl1QSavAQNJcwmwBF9M0VvLh6Q==
  dependencies:
    "@octokit/types" "^13.0.0"
    universal-user-agent "^7.0.2"

"@octokit/graphql@^8.1.2":
  version "8.1.2"
  resolved "https://registry.yarnpkg.com/@octokit/graphql/-/graphql-8.1.2.tgz#98b9072b22e0471b782d52ed0da08e2b2de52b17"
  integrity sha512-bdlj/CJVjpaz06NBpfHhp4kGJaRZfz7AzC+6EwUImRtrwIw8dIgJ63Xg0OzV9pRn3rIzrt5c2sa++BL0JJ8GLw==
  dependencies:
    "@octokit/request" "^9.1.4"
    "@octokit/types" "^13.6.2"
    universal-user-agent "^7.0.0"

"@octokit/oauth-app@^7.1.4", "@octokit/oauth-app@^7.1.5":
  version "7.1.5"
  resolved "https://registry.yarnpkg.com/@octokit/oauth-app/-/oauth-app-7.1.5.tgz#f1d68220afad93d6d9033d8af5f6729452044c85"
  integrity sha512-/Y2MiwWDlGUK4blKKfjJiwjzu/FzwKTTTfTZAAQ0QbdBIDEGJPWhOFH6muSN86zaa4tNheB4YS3oWIR2e4ydzA==
  dependencies:
    "@octokit/auth-oauth-app" "^8.1.2"
    "@octokit/auth-oauth-user" "^5.1.2"
    "@octokit/auth-unauthenticated" "^6.1.1"
    "@octokit/core" "^6.1.3"
    "@octokit/oauth-authorization-url" "^7.1.1"
    "@octokit/oauth-methods" "^5.1.3"
    "@types/aws-lambda" "^8.10.83"
    universal-user-agent "^7.0.0"

"@octokit/oauth-authorization-url@^7.0.0", "@octokit/oauth-authorization-url@^7.1.1":
  version "7.1.1"
  resolved "https://registry.yarnpkg.com/@octokit/oauth-authorization-url/-/oauth-authorization-url-7.1.1.tgz#0e17c2225eb66b58ec902d02b6f1315ffe9ff04b"
  integrity sha512-ooXV8GBSabSWyhLUowlMIVd9l1s2nsOGQdlP2SQ4LnkEsGXzeCvbSbCPdZThXhEFzleGPwbapT0Sb+YhXRyjCA==

"@octokit/oauth-methods@^5.1.2", "@octokit/oauth-methods@^5.1.3":
  version "5.1.3"
  resolved "https://registry.yarnpkg.com/@octokit/oauth-methods/-/oauth-methods-5.1.3.tgz#d2083e7cfcc16f7c6c67141795a299538712eba8"
  integrity sha512-M+bDBi5H8FnH0xhCTg0m9hvcnppdDnxUqbZyOkxlLblKpLAR+eT2nbDPvJDp0eLrvJWA1I8OX0KHf/sBMQARRA==
  dependencies:
    "@octokit/oauth-authorization-url" "^7.0.0"
    "@octokit/request" "^9.1.4"
    "@octokit/request-error" "^6.1.6"
    "@octokit/types" "^13.6.2"

"@octokit/openapi-types@^22.2.0":
  version "22.2.0"
  resolved "https://registry.yarnpkg.com/@octokit/openapi-types/-/openapi-types-22.2.0.tgz#75aa7dcd440821d99def6a60b5f014207ae4968e"
  integrity sha512-QBhVjcUa9W7Wwhm6DBFu6ZZ+1/t/oYxqc2tp81Pi41YNuJinbFRx8B133qVOrAaBbF7D/m0Et6f9/pZt9Rc+tg==

"@octokit/openapi-types@^23.0.1":
  version "23.0.1"
  resolved "https://registry.yarnpkg.com/@octokit/openapi-types/-/openapi-types-23.0.1.tgz#3721646ecd36b596ddb12650e0e89d3ebb2dd50e"
  integrity sha512-izFjMJ1sir0jn0ldEKhZ7xegCTj/ObmEDlEfpFrx4k/JyZSMRHbO3/rBwgE7f3m2DHt+RrNGIVw4wSmwnm3t/g==

"@octokit/openapi-webhooks-types@8.5.1":
  version "8.5.1"
  resolved "https://registry.yarnpkg.com/@octokit/openapi-webhooks-types/-/openapi-webhooks-types-8.5.1.tgz#de421dbd3efb586e908a152eed3f0ae50698a2f2"
  integrity sha512-i3h1b5zpGSB39ffBbYdSGuAd0NhBAwPyA3QV3LYi/lx4lsbZiu7u2UHgXVUR6EpvOI8REOuVh1DZTRfHoJDvuQ==

"@octokit/plugin-paginate-graphql@^5.2.4":
  version "5.2.4"
  resolved "https://registry.yarnpkg.com/@octokit/plugin-paginate-graphql/-/plugin-paginate-graphql-5.2.4.tgz#b6afda7b3f24cb93d2ab822ec8eac664a5d325d0"
  integrity sha512-pLZES1jWaOynXKHOqdnwZ5ULeVR6tVVCMm+AUbp0htdcyXDU95WbkYdU4R2ej1wKj5Tu94Mee2Ne0PjPO9cCyA==

"@octokit/plugin-paginate-rest@^11.3.6", "@octokit/plugin-paginate-rest@^11.4.0":
  version "11.4.0"
  resolved "https://registry.yarnpkg.com/@octokit/plugin-paginate-rest/-/plugin-paginate-rest-11.4.0.tgz#a9c3347113d793e48a014f0aa549eada00de7c9a"
  integrity sha512-ttpGck5AYWkwMkMazNCZMqxKqIq1fJBNxBfsFwwfyYKTf914jKkLF0POMS3YkPBwp5g1c2Y4L79gDz01GhSr1g==
  dependencies:
    "@octokit/types" "^13.7.0"

"@octokit/plugin-rest-endpoint-methods@^13.3.0":
  version "13.3.0"
  resolved "https://registry.yarnpkg.com/@octokit/plugin-rest-endpoint-methods/-/plugin-rest-endpoint-methods-13.3.0.tgz#ee18b9d6364bbae1d86e960d5576b555b41d2079"
  integrity sha512-LUm44shlmkp/6VC+qQgHl3W5vzUP99ZM54zH6BuqkJK4DqfFLhegANd+fM4YRLapTvPm4049iG7F3haANKMYvQ==
  dependencies:
    "@octokit/types" "^13.7.0"

"@octokit/plugin-retry@^7.1.3":
  version "7.1.3"
  resolved "https://registry.yarnpkg.com/@octokit/plugin-retry/-/plugin-retry-7.1.3.tgz#51440714165a36e6aa5efee2f3bf24e8af094981"
  integrity sha512-8nKOXvYWnzv89gSyIvgFHmCBAxfQAOPRlkacUHL9r5oWtp5Whxl8Skb2n3ACZd+X6cYijD6uvmrQuPH/UCL5zQ==
  dependencies:
    "@octokit/request-error" "^6.1.6"
    "@octokit/types" "^13.6.2"
    bottleneck "^2.15.3"

"@octokit/plugin-throttling@^9.4.0":
  version "9.4.0"
  resolved "https://registry.yarnpkg.com/@octokit/plugin-throttling/-/plugin-throttling-9.4.0.tgz#4ed134fe97262361feb0208b7d8df63b35c72eb7"
  integrity sha512-IOlXxXhZA4Z3m0EEYtrrACkuHiArHLZ3CvqWwOez/pURNqRuwfoFlTPbN5Muf28pzFuztxPyiUiNwz8KctdZaQ==
  dependencies:
    "@octokit/types" "^13.7.0"
    bottleneck "^2.15.3"

"@octokit/request-error@^6.0.1":
  version "6.1.1"
  resolved "https://registry.yarnpkg.com/@octokit/request-error/-/request-error-6.1.1.tgz#bed1b5f52ce7fefb1077a92bf42124ff36f73f2c"
  integrity sha512-1mw1gqT3fR/WFvnoVpY/zUM2o/XkMs/2AszUUG9I69xn0JFLv6PGkPhNk5lbfvROs79wiS0bqiJNxfCZcRJJdg==
  dependencies:
    "@octokit/types" "^13.0.0"

"@octokit/request-error@^6.1.6":
  version "6.1.6"
  resolved "https://registry.yarnpkg.com/@octokit/request-error/-/request-error-6.1.6.tgz#5f42c7894e7c3ab47c63aa3241f78cee8a826644"
  integrity sha512-pqnVKYo/at0NuOjinrgcQYpEbv4snvP3bKMRqHaD9kIsk9u1LCpb2smHZi8/qJfgeNqLo5hNW4Z7FezNdEo0xg==
  dependencies:
    "@octokit/types" "^13.6.2"

"@octokit/request@^9.1.4":
  version "9.1.4"
  resolved "https://registry.yarnpkg.com/@octokit/request/-/request-9.1.4.tgz#c1e90bd57c3113253d27337c92609b8fed54d13b"
  integrity sha512-tMbOwGm6wDII6vygP3wUVqFTw3Aoo0FnVQyhihh8vVq12uO3P+vQZeo2CKMpWtPSogpACD0yyZAlVlQnjW71DA==
  dependencies:
    "@octokit/endpoint" "^10.0.0"
    "@octokit/request-error" "^6.0.1"
    "@octokit/types" "^13.6.2"
    fast-content-type-parse "^2.0.0"
    universal-user-agent "^7.0.2"

"@octokit/types@^13.0.0":
  version "13.5.0"
  resolved "https://registry.yarnpkg.com/@octokit/types/-/types-13.5.0.tgz#4796e56b7b267ebc7c921dcec262b3d5bfb18883"
  integrity sha512-HdqWTf5Z3qwDVlzCrP8UJquMwunpDiMPt5er+QjGzL4hqr/vBVY/MauQgS1xWxCDT1oMx1EULyqxncdCY/NVSQ==
  dependencies:
    "@octokit/openapi-types" "^22.2.0"

"@octokit/types@^13.6.2":
  version "13.6.2"
  resolved "https://registry.yarnpkg.com/@octokit/types/-/types-13.6.2.tgz#e10fc4d2bdd65d836d1ced223b03ad4cfdb525bd"
  integrity sha512-WpbZfZUcZU77DrSW4wbsSgTPfKcp286q3ItaIgvSbBpZJlu6mnYXAkjZz6LVZPXkEvLIM8McanyZejKTYUHipA==
  dependencies:
    "@octokit/openapi-types" "^22.2.0"

"@octokit/types@^13.7.0":
  version "13.7.0"
  resolved "https://registry.yarnpkg.com/@octokit/types/-/types-13.7.0.tgz#22d0e26a8c9f53599bfb907213d8ccde547f36aa"
  integrity sha512-BXfRP+3P3IN6fd4uF3SniaHKOO4UXWBfkdR3vA8mIvaoO/wLjGN5qivUtW0QRitBHHMcfC41SLhNVYIZZE+wkA==
  dependencies:
    "@octokit/openapi-types" "^23.0.1"

"@octokit/webhooks-methods@^5.1.1":
  version "5.1.1"
  resolved "https://registry.yarnpkg.com/@octokit/webhooks-methods/-/webhooks-methods-5.1.1.tgz#192f11a1f115702833f033293e2fef8f69f612e4"
  integrity sha512-NGlEHZDseJTCj8TMMFehzwa9g7On4KJMPVHDSrHxCQumL6uSQR8wIkP/qesv52fXqV1BPf4pTxwtS31ldAt9Xg==

"@octokit/webhooks@^13.5.1":
  version "13.5.1"
  resolved "https://registry.yarnpkg.com/@octokit/webhooks/-/webhooks-13.5.1.tgz#e892437c572a0f2f31158db99a09daa7cd3fea19"
  integrity sha512-2q5xt+UEkElPjcRuE5QAEkgsL5WhWa7/vMeWIklhM7BTH86hxQedm20OO0BvEYRyNnOwEj/CpQCB0K9QYt2+ug==
  dependencies:
    "@octokit/openapi-webhooks-types" "8.5.1"
    "@octokit/request-error" "^6.1.6"
    "@octokit/webhooks-methods" "^5.1.1"

"@types/aws-lambda@^8.10.83":
  version "8.10.114"
  resolved "https://registry.yarnpkg.com/@types/aws-lambda/-/aws-lambda-8.10.114.tgz#4048273ebcd517dd118ecaa34b1368d275b6c7ad"
  integrity sha512-M8WpEGfC9iQ6V2Ccq6nGIXoQgeVc6z0Ngk8yCOL5V/TYIxshvb0MWQYLFFTZDesL0zmsoBc4OBjG9DB/4rei6w==

ansi-regex@^5.0.1:
  version "5.0.1"
  resolved "https://registry.yarnpkg.com/ansi-regex/-/ansi-regex-5.0.1.tgz#082cb2c89c9fe8659a311a53bd6a4dc5301db304"
  integrity sha512-quJQXlTSUGL2LH9SUXo8VwsY4soanhgo6LNSm84E1LBcE8s3O0wpdiRzyR9z/ZZJMlMWv37qOOb9pdJlMUEKFQ==

ansi-styles@^4.0.0:
  version "4.3.0"
  resolved "https://registry.yarnpkg.com/ansi-styles/-/ansi-styles-4.3.0.tgz#edd803628ae71c04c85ae7a0906edad34b648937"
  integrity sha512-zbB9rCJAT1rbjiVDb2hqKFHNYLxgtk8NURxZ3IZwD3F6NtxbXZQCnnSi1Lkx+IDohdPlFp222wVALIheZJQSEg==
  dependencies:
    color-convert "^2.0.1"

before-after-hook@^3.0.2:
  version "3.0.2"
  resolved "https://registry.yarnpkg.com/before-after-hook/-/before-after-hook-3.0.2.tgz#d5665a5fa8b62294a5aa0a499f933f4a1016195d"
  integrity sha512-Nik3Sc0ncrMK4UUdXQmAnRtzmNQTAAXmXIopizwZ1W1t8QmfJj+zL4OA2I7XPTPW5z5TDqv4hRo/JzouDJnX3A==

bottleneck@^2.15.3:
  version "2.19.5"
  resolved "https://registry.yarnpkg.com/bottleneck/-/bottleneck-2.19.5.tgz#5df0b90f59fd47656ebe63c78a98419205cadd91"
  integrity sha512-VHiNCbI1lKdl44tGrhNfU3lup0Tj/ZBMJB5/2ZbNXRCPuRCO7ed2mgcK4r17y+KB2EfuYuRaVlwNbAeaWGSpbw==

cliui@^8.0.1:
  version "8.0.1"
  resolved "https://registry.yarnpkg.com/cliui/-/cliui-8.0.1.tgz#0c04b075db02cbfe60dc8e6cf2f5486b1a3608aa"
  integrity sha512-BSeNnyus75C4//NQ9gQt1/csTXyo/8Sb+afLAkzAptFuMsod9HFokGNudZpi/oQV73hnVK+sR+5PVRMd+Dr7YQ==
  dependencies:
    string-width "^4.2.0"
    strip-ansi "^6.0.1"
    wrap-ansi "^7.0.0"

color-convert@^2.0.1:
  version "2.0.1"
  resolved "https://registry.yarnpkg.com/color-convert/-/color-convert-2.0.1.tgz#72d3a68d598c9bdb3af2ad1e84f21d896abd4de3"
  integrity sha512-RRECPsj7iu/xb5oKYcsFHSppFNnsj/52OVTRKb4zP5onXwVF3zVmmToNcOfGC+CRDpfK/U584fMg38ZHCaElKQ==
  dependencies:
    color-name "~1.1.4"

color-name@~1.1.4:
  version "1.1.4"
  resolved "https://registry.yarnpkg.com/color-name/-/color-name-1.1.4.tgz#c2a09a87acbde69543de6f63fa3995c826c536a2"
  integrity sha512-dOy+3AuW3a2wNbZHIuMZpTcgjGuLU/uBL/ubcZF9OXbDo8ff4O8yVp5Bf0efS8uEoYo5q4Fx7dY9OgQGXgAsQA==

emoji-regex@^8.0.0:
  version "8.0.0"
  resolved "https://registry.yarnpkg.com/emoji-regex/-/emoji-regex-8.0.0.tgz#e818fd69ce5ccfcb404594f842963bf53164cc37"
  integrity sha512-MSjYzcWNOA0ewAHpz0MxpYFvwg6yjy1NG3xteoqz644VCo/RPgnr1/GGt+ic3iJTzQ8Eu3TdM14SawnVUmGE6A==

escalade@^3.1.1:
  version "3.1.1"
  resolved "https://registry.yarnpkg.com/escalade/-/escalade-3.1.1.tgz#d8cfdc7000965c5a0174b4a82eaa5c0552742e40"
  integrity sha512-k0er2gUkLf8O0zKJiAhmkTnJlTvINGv7ygDNPbeIsX/TJjGJZHuh9B2UxbsaEkmlEo9MfhrSzmhIlhRlI2GXnw==

fast-content-type-parse@^2.0.0:
  version "2.0.1"
  resolved "https://registry.yarnpkg.com/fast-content-type-parse/-/fast-content-type-parse-2.0.1.tgz#c236124534ee2cb427c8d8e5ba35a4856947847b"
  integrity sha512-nGqtvLrj5w0naR6tDPfB4cUmYCqouzyQiz6C5y/LtcDllJdrcc6WaWW6iXyIIOErTa/XRybj28aasdn4LkVk6Q==

get-caller-file@^2.0.5:
  version "2.0.5"
  resolved "https://registry.yarnpkg.com/get-caller-file/-/get-caller-file-2.0.5.tgz#4f94412a82db32f36e3b0b9741f8a97feb031f7e"
  integrity sha512-DyFP3BM/3YHTQOCUL/w0OZHR0lpKeGrxotcHWcqNEdnltqFwXVfhEBQ94eIo34AfQpo0rGki4cyIiftY06h2Fg==

is-fullwidth-code-point@^3.0.0:
  version "3.0.0"
  resolved "https://registry.yarnpkg.com/is-fullwidth-code-point/-/is-fullwidth-code-point-3.0.0.tgz#f116f8064fe90b3f7844a38997c0b75051269f1d"
  integrity sha512-zymm5+u+sCsSWyD9qNaejV3DFvhCKclKdizYaJUuHA83RLjb7nSuGnddCHGv0hk+KY7BMAlsWeK4Ueg6EV6XQg==

octokit@4.1.1:
  version "4.1.1"
  resolved "https://registry.yarnpkg.com/octokit/-/octokit-4.1.1.tgz#faf1ba11b005fd12d662fc44efc4f338694a62a2"
  integrity sha512-GMjkrTnGk2PB9MKnK5SVDj4wSrnVX39vldKvYIC3MVNDQY1nZ6ufPrGCUFsQ645q5q+PG+CHUWRB6ZH8MBcyFg==
  dependencies:
    "@octokit/app" "^15.1.3"
    "@octokit/core" "^6.1.3"
    "@octokit/oauth-app" "^7.1.4"
    "@octokit/plugin-paginate-graphql" "^5.2.4"
    "@octokit/plugin-paginate-rest" "^11.4.0"
    "@octokit/plugin-rest-endpoint-methods" "^13.3.0"
    "@octokit/plugin-retry" "^7.1.3"
    "@octokit/plugin-throttling" "^9.4.0"
    "@octokit/request-error" "^6.1.6"
    "@octokit/types" "^13.7.0"

require-directory@^2.1.1:
  version "2.1.1"
  resolved "https://registry.yarnpkg.com/require-directory/-/require-directory-2.1.1.tgz#8c64ad5fd30dab1c976e2344ffe7f792a6a6df42"
  integrity sha512-fGxEI7+wsG9xrvdjsrlmL22OMTTiHRwAMroiEeMgq8gzoLC/PQr7RsRDSTLUg/bZAZtF+TVIkHc6/4RIKrui+Q==

string-width@^4.1.0, string-width@^4.2.0, string-width@^4.2.3:
  version "4.2.3"
  resolved "https://registry.yarnpkg.com/string-width/-/string-width-4.2.3.tgz#269c7117d27b05ad2e536830a8ec895ef9c6d010"
  integrity sha512-wKyQRQpjJ0sIp62ErSZdGsjMJWsap5oRNihHhu6G7JVO/9jIB6UyevL+tXuOqrng8j/cxKTWyWUwvSTriiZz/g==
  dependencies:
    emoji-regex "^8.0.0"
    is-fullwidth-code-point "^3.0.0"
    strip-ansi "^6.0.1"

strip-ansi@^6.0.0, strip-ansi@^6.0.1:
  version "6.0.1"
  resolved "https://registry.yarnpkg.com/strip-ansi/-/strip-ansi-6.0.1.tgz#9e26c63d30f53443e9489495b2105d37b67a85d9"
  integrity sha512-Y38VPSHcqkFrCpFnQ9vuSXmquuv5oXOKpGeT6aGrr3o3Gc9AlVa6JBfUSOCnbxGGZF+/0ooI7KrPuUSztUdU5A==
  dependencies:
    ansi-regex "^5.0.1"

toad-cache@^3.7.0:
  version "3.7.0"
  resolved "https://registry.yarnpkg.com/toad-cache/-/toad-cache-3.7.0.tgz#b9b63304ea7c45ec34d91f1d2fa513517025c441"
  integrity sha512-/m8M+2BJUpoJdgAHoG+baCwBT+tf2VraSfkBgl0Y00qIWt41DJ8R5B8nsEw0I58YwF5IZH6z24/2TobDKnqSWw==

universal-github-app-jwt@^2.2.0:
  version "2.2.0"
  resolved "https://registry.yarnpkg.com/universal-github-app-jwt/-/universal-github-app-jwt-2.2.0.tgz#dc6c8929e76f1996a766ba2a08fb420f73365d77"
  integrity sha512-G5o6f95b5BggDGuUfKDApKaCgNYy2x7OdHY0zSMF081O0EJobw+1130VONhrA7ezGSV2FNOGyM+KQpQZAr9bIQ==

universal-user-agent@^7.0.0, universal-user-agent@^7.0.2:
  version "7.0.2"
  resolved "https://registry.yarnpkg.com/universal-user-agent/-/universal-user-agent-7.0.2.tgz#52e7d0e9b3dc4df06cc33cb2b9fd79041a54827e"
  integrity sha512-0JCqzSKnStlRRQfCdowvqy3cy0Dvtlb8xecj/H8JFZuCze4rwjPZQOgvFvn0Ws/usCHQFGpyr+pB9adaGwXn4Q==

wrap-ansi@^7.0.0:
  version "7.0.0"
  resolved "https://registry.yarnpkg.com/wrap-ansi/-/wrap-ansi-7.0.0.tgz#67e145cff510a6a6984bdf1152911d69d2eb9e43"
  integrity sha512-YVGIj2kamLSTxw6NsZjoBxfSwsn0ycdesmc4p+Q21c5zPuZ1pl+NfxVdxPtdHvmNVOQ6XSYG4AUtyt/Fi7D16Q==
  dependencies:
    ansi-styles "^4.0.0"
    string-width "^4.1.0"
    strip-ansi "^6.0.0"

y18n@^5.0.5:
  version "5.0.8"
  resolved "https://registry.yarnpkg.com/y18n/-/y18n-5.0.8.tgz#7f4934d0f7ca8c56f95314939ddcd2dd91ce1d55"
  integrity sha512-0pfFzegeDWJHJIAmTLRP2DwHjdF5s7jo9tuztdQxAhINCdvS+3nGINqPd00AphqJR/0LhANUS6/+7SCb98YOfA==

yargs-parser@^21.1.1:
  version "21.1.1"
  resolved "https://registry.yarnpkg.com/yargs-parser/-/yargs-parser-21.1.1.tgz#9096bceebf990d21bb31fa9516e0ede294a77d35"
  integrity sha512-tVpsJW7DdjecAiFpbIB1e3qxIQsE6NoPc5/eTdrbbIC4h0LVsWhnoa3g+m2HclBIujHzsxZ4VJVA+GUuc2/LBw==

yargs@17.7.2:
  version "17.7.2"
  resolved "https://registry.yarnpkg.com/yargs/-/yargs-17.7.2.tgz#991df39aca675a192b816e1e0363f9d75d2aa269"
  integrity sha512-7dSzzRQ++CKnNI/krKnYRV7JKKPUXMEh61soaHKg9mrWEhzFWhFnxPxGl+69cD1Ou63C13NUPCnmIcrvqCuM6w==
  dependencies:
    cliui "^8.0.1"
    escalade "^3.1.1"
    get-caller-file "^2.0.5"
    require-directory "^2.1.1"
    string-width "^4.2.3"
    y18n "^5.0.5"
    yargs-parser "^21.1.1"
